
Microsoft Visual Studio Solution File, Format Version 12.00
# Visual Studio Version 17
VisualStudioVersion = 17.1.32328.378
MinimumVisualStudioVersion = 10.0.40219.1
Project("{FAE04EC0-301F-11D3-BF4B-00C04F79EFBC}") = "Business", "Business\Business\Business.csproj", "{46CE72C2-4356-40B8-92E6-6F8B65C01794}"
EndProject
Project("{FAE04EC0-301F-11D3-BF4B-00C04F79EFBC}") = "Database", "Database\Database\Database.csproj", "{1E91FA64-A5B4-4B60-B25A-ED54E65470A1}"
EndProject
Project("{FAE04EC0-301F-11D3-BF4B-00C04F79EFBC}") = "SecondyLife", "Presentation\SecondyLife\SecondyLife.csproj", "{757219A4-852E-4EC3-9464-97ED21D6F341}"
EndProject
Global
	GlobalSection(SolutionConfigurationPlatforms) = preSolution
		Debug|Any CPU = Debug|Any CPU
		Release|Any CPU = Release|Any CPU
	EndGlobalSection
	GlobalSection(ProjectConfigurationPlatforms) = postSolution
		{46CE72C2-4356-40B8-92E6-6F8B65C01794}.Debug|Any CPU.ActiveCfg = Debug|Any CPU
		{46CE72C2-4356-40B8-92E6-6F8B65C01794}.Debug|Any CPU.Build.0 = Debug|Any CPU
		{46CE72C2-4356-40B8-92E6-6F8B65C01794}.Release|Any CPU.ActiveCfg = Release|Any CPU
		{46CE72C2-4356-40B8-92E6-6F8B65C01794}.Release|Any CPU.Build.0 = Release|Any CPU
		{1E91FA64-A5B4-4B60-B25A-ED54E65470A1}.Debug|Any CPU.ActiveCfg = Debug|Any CPU
		{1E91FA64-A5B4-4B60-B25A-ED54E65470A1}.Debug|Any CPU.Build.0 = Debug|Any CPU
		{1E91FA64-A5B4-4B60-B25A-ED54E65470A1}.Release|Any CPU.ActiveCfg = Release|Any CPU
		{1E91FA64-A5B4-4B60-B25A-ED54E65470A1}.Release|Any CPU.Build.0 = Release|Any CPU
		{757219A4-852E-4EC3-9464-97ED21D6F341}.Debug|Any CPU.ActiveCfg = Debug|Any CPU
		{757219A4-852E-4EC3-9464-97ED21D6F341}.Debug|Any CPU.Build.0 = Debug|Any CPU
		{757219A4-852E-4EC3-9464-97ED21D6F341}.Release|Any CPU.ActiveCfg = Release|Any CPU
		{757219A4-852E-4EC3-9464-97ED21D6F341}.Release|Any CPU.Build.0 = Release|Any CPU
	EndGlobalSection
	GlobalSection(SolutionProperties) = preSolution
		HideSolutionNode = FALSE
	EndGlobalSection
	GlobalSection(ExtensibilityGlobals) = postSolution
		SolutionGuid = {17C80022-2C17-450D-B96D-629121B0115C}
	EndGlobalSection
EndGlobal
